
Microsoft Visual Studio Solution File, Format Version 12.00
# Visual Studio for Mac
Project("{FAE04EC0-301F-11D3-BF4B-00C04F79EFBC}") = "WizelineWorkshop", "Assembly-CSharp.csproj", "{F666415E-ACDE-D7C2-E012-2C9BCA67F467}"
EndProject
Project("{FAE04EC0-301F-11D3-BF4B-00C04F79EFBC}") = "WizelineWorkshop", "Assembly-CSharp-Editor.csproj", "{F2571083-9E92-AD6F-69CF-0A9547762B79}"
EndProject
Global
	GlobalSection(SolutionConfigurationPlatforms) = preSolution
		Debug|Any CPU = Debug|Any CPU
		Release|Any CPU = Release|Any CPU
	EndGlobalSection
	GlobalSection(ProjectConfigurationPlatforms) = postSolution
		{F666415E-ACDE-D7C2-E012-2C9BCA67F467}.Debug|Any CPU.ActiveCfg = Debug|Any CPU
		{F666415E-ACDE-D7C2-E012-2C9BCA67F467}.Debug|Any CPU.Build.0 = Debug|Any CPU
		{F666415E-ACDE-D7C2-E012-2C9BCA67F467}.Release|Any CPU.ActiveCfg = Release|Any CPU
		{F666415E-ACDE-D7C2-E012-2C9BCA67F467}.Release|Any CPU.Build.0 = Release|Any CPU
		{F2571083-9E92-AD6F-69CF-0A9547762B79}.Debug|Any CPU.ActiveCfg = Debug|Any CPU
		{F2571083-9E92-AD6F-69CF-0A9547762B79}.Debug|Any CPU.Build.0 = Debug|Any CPU
		{F2571083-9E92-AD6F-69CF-0A9547762B79}.Release|Any CPU.ActiveCfg = Release|Any CPU
		{F2571083-9E92-AD6F-69CF-0A9547762B79}.Release|Any CPU.Build.0 = Release|Any CPU
	EndGlobalSection
	GlobalSection(SolutionProperties) = preSolution
		HideSolutionNode = FALSE
	EndGlobalSection
EndGlobal
